
Microsoft Visual Studio Solution File, Format Version 12.00
# Visual Studio Version 16
VisualStudioVersion = 16.0.30204.135
MinimumVisualStudioVersion = 10.0.40219.1
Project("{FAE04EC0-301F-11D3-BF4B-00C04F79EFBC}") = "TestProject", "TestProject.csproj", "{D5066C4F-69F2-47F5-8D43-4A012C4E9140}"
EndProject
Global
	GlobalSection(SolutionConfigurationPlatforms) = preSolution
		Debug|Any CPU = Debug|Any CPU
		Release|Any CPU = Release|Any CPU
	EndGlobalSection
	GlobalSection(ProjectConfigurationPlatforms) = postSolution
		{D5066C4F-69F2-47F5-8D43-4A012C4E9140}.Debug|Any CPU.ActiveCfg = Debug|Any CPU
		{D5066C4F-69F2-47F5-8D43-4A012C4E9140}.Debug|Any CPU.Build.0 = Debug|Any CPU
		{D5066C4F-69F2-47F5-8D43-4A012C4E9140}.Release|Any CPU.ActiveCfg = Release|Any CPU
		{D5066C4F-69F2-47F5-8D43-4A012C4E9140}.Release|Any CPU.Build.0 = Release|Any CPU
	EndGlobalSection
	GlobalSection(SolutionProperties) = preSolution
		HideSolutionNode = FALSE
	EndGlobalSection
	GlobalSection(ExtensibilityGlobals) = postSolution
		SolutionGuid = {C9261E7F-E573-43D4-A25E-903F5438325E}
	EndGlobalSection
EndGlobal
